
Microsoft Visual Studio Solution File, Format Version 12.00
# Visual Studio 2013
VisualStudioVersion = 12.0.40629.0
MinimumVisualStudioVersion = 10.0.40219.1
Project("{FAE04EC0-301F-11D3-BF4B-00C04F79EFBC}") = "Lilium", "Lilium\Lilium.csproj", "{656EE078-7D49-4A4C-AA9F-459E6F87129F}"
EndProject
Project("{FAE04EC0-301F-11D3-BF4B-00C04F79EFBC}") = "LiliumLab", "LiliumLab\LiliumLab.csproj", "{1200FEE2-7908-4F97-B8F3-3F5DEF2627AA}"
EndProject
Project("{8BC9CEB8-8B4A-11D0-8D11-00A0C91BC942}") = "LiliumFbx", "LiliumFbx\LiliumFbx.vcxproj", "{E169D7DB-3EE4-4ADD-ADB7-513BB9F5B5EF}"
EndProject
Project("{FAE04EC0-301F-11D3-BF4B-00C04F79EFBC}") = "Cyotek.Drawing.BitmapFont", "BitmapFontParser\Cyotek.Drawing.BitmapFont.csproj", "{A8E42972-0BC3-4F26-99DF-87B6379E875F}"
EndProject
Global
	GlobalSection(SolutionConfigurationPlatforms) = preSolution
		Debug|Any CPU = Debug|Any CPU
		Debug|Mixed Platforms = Debug|Mixed Platforms
		Debug|Win32 = Debug|Win32
		Debug|x64 = Debug|x64
		Debug|x64fg = Debug|x64fg
		Net20-Debug|Any CPU = Net20-Debug|Any CPU
		Net20-Debug|Mixed Platforms = Net20-Debug|Mixed Platforms
		Net20-Debug|Win32 = Net20-Debug|Win32
		Net20-Debug|x64 = Net20-Debug|x64
		Net20-Debug|x64fg = Net20-Debug|x64fg
		Net20-Release|Any CPU = Net20-Release|Any CPU
		Net20-Release|Mixed Platforms = Net20-Release|Mixed Platforms
		Net20-Release|Win32 = Net20-Release|Win32
		Net20-Release|x64 = Net20-Release|x64
		Net20-Release|x64fg = Net20-Release|x64fg
		Net45-Debug|Any CPU = Net45-Debug|Any CPU
		Net45-Debug|Mixed Platforms = Net45-Debug|Mixed Platforms
		Net45-Debug|Win32 = Net45-Debug|Win32
		Net45-Debug|x64 = Net45-Debug|x64
		Net45-Debug|x64fg = Net45-Debug|x64fg
		Net45-Release|Any CPU = Net45-Release|Any CPU
		Net45-Release|Mixed Platforms = Net45-Release|Mixed Platforms
		Net45-Release|Win32 = Net45-Release|Win32
		Net45-Release|x64 = Net45-Release|x64
		Net45-Release|x64fg = Net45-Release|x64fg
		Release|Any CPU = Release|Any CPU
		Release|Mixed Platforms = Release|Mixed Platforms
		Release|Win32 = Release|Win32
		Release|x64 = Release|x64
		Release|x64fg = Release|x64fg
	EndGlobalSection
	GlobalSection(ProjectConfigurationPlatforms) = postSolution
		{656EE078-7D49-4A4C-AA9F-459E6F87129F}.Debug|Any CPU.ActiveCfg = Debug|Any CPU
		{656EE078-7D49-4A4C-AA9F-459E6F87129F}.Debug|Any CPU.Build.0 = Debug|Any CPU
		{656EE078-7D49-4A4C-AA9F-459E6F87129F}.Debug|Mixed Platforms.ActiveCfg = Debug|Any CPU
		{656EE078-7D49-4A4C-AA9F-459E6F87129F}.Debug|Mixed Platforms.Build.0 = Debug|Any CPU
		{656EE078-7D49-4A4C-AA9F-459E6F87129F}.Debug|Win32.ActiveCfg = Debug|Any CPU
		{656EE078-7D49-4A4C-AA9F-459E6F87129F}.Debug|x64.ActiveCfg = Debug|Any CPU
		{656EE078-7D49-4A4C-AA9F-459E6F87129F}.Debug|x64.Build.0 = Debug|Any CPU
		{656EE078-7D49-4A4C-AA9F-459E6F87129F}.Debug|x64fg.ActiveCfg = Debug|Any CPU
		{656EE078-7D49-4A4C-AA9F-459E6F87129F}.Net20-Debug|Any CPU.ActiveCfg = Debug|Any CPU
		{656EE078-7D49-4A4C-AA9F-459E6F87129F}.Net20-Debug|Any CPU.Build.0 = Debug|Any CPU
		{656EE078-7D49-4A4C-AA9F-459E6F87129F}.Net20-Debug|Mixed Platforms.ActiveCfg = Debug|Any CPU
		{656EE078-7D49-4A4C-AA9F-459E6F87129F}.Net20-Debug|Mixed Platforms.Build.0 = Debug|Any CPU
		{656EE078-7D49-4A4C-AA9F-459E6F87129F}.Net20-Debug|Win32.ActiveCfg = Debug|Any CPU
		{656EE078-7D49-4A4C-AA9F-459E6F87129F}.Net20-Debug|x64.ActiveCfg = Release|Any CPU
		{656EE078-7D49-4A4C-AA9F-459E6F87129F}.Net20-Debug|x64.Build.0 = Release|Any CPU
		{656EE078-7D49-4A4C-AA9F-459E6F87129F}.Net20-Debug|x64fg.ActiveCfg = Debug|Any CPU
		{656EE078-7D49-4A4C-AA9F-459E6F87129F}.Net20-Release|Any CPU.ActiveCfg = Release|Any CPU
		{656EE078-7D49-4A4C-AA9F-459E6F87129F}.Net20-Release|Any CPU.Build.0 = Release|Any CPU
		{656EE078-7D49-4A4C-AA9F-459E6F87129F}.Net20-Release|Mixed Platforms.ActiveCfg = Release|Any CPU
		{656EE078-7D49-4A4C-AA9F-459E6F87129F}.Net20-Release|Mixed Platforms.Build.0 = Release|Any CPU
		{656EE078-7D49-4A4C-AA9F-459E6F87129F}.Net20-Release|Win32.ActiveCfg = Release|Any CPU
		{656EE078-7D49-4A4C-AA9F-459E6F87129F}.Net20-Release|x64.ActiveCfg = Release|Any CPU
		{656EE078-7D49-4A4C-AA9F-459E6F87129F}.Net20-Release|x64.Build.0 = Release|Any CPU
		{656EE078-7D49-4A4C-AA9F-459E6F87129F}.Net20-Release|x64fg.ActiveCfg = Release|Any CPU
		{656EE078-7D49-4A4C-AA9F-459E6F87129F}.Net45-Debug|Any CPU.ActiveCfg = Debug|Any CPU
		{656EE078-7D49-4A4C-AA9F-459E6F87129F}.Net45-Debug|Any CPU.Build.0 = Debug|Any CPU
		{656EE078-7D49-4A4C-AA9F-459E6F87129F}.Net45-Debug|Mixed Platforms.ActiveCfg = Debug|Any CPU
		{656EE078-7D49-4A4C-AA9F-459E6F87129F}.Net45-Debug|Mixed Platforms.Build.0 = Debug|Any CPU
		{656EE078-7D49-4A4C-AA9F-459E6F87129F}.Net45-Debug|Win32.ActiveCfg = Debug|Any CPU
		{656EE078-7D49-4A4C-AA9F-459E6F87129F}.Net45-Debug|x64.ActiveCfg = Release|Any CPU
		{656EE078-7D49-4A4C-AA9F-459E6F87129F}.Net45-Debug|x64.Build.0 = Release|Any CPU
		{656EE078-7D49-4A4C-AA9F-459E6F87129F}.Net45-Debug|x64fg.ActiveCfg = Debug|Any CPU
		{656EE078-7D49-4A4C-AA9F-459E6F87129F}.Net45-Release|Any CPU.ActiveCfg = Release|Any CPU
		{656EE078-7D49-4A4C-AA9F-459E6F87129F}.Net45-Release|Any CPU.Build.0 = Release|Any CPU
		{656EE078-7D49-4A4C-AA9F-459E6F87129F}.Net45-Release|Mixed Platforms.ActiveCfg = Release|Any CPU
		{656EE078-7D49-4A4C-AA9F-459E6F87129F}.Net45-Release|Mixed Platforms.Build.0 = Release|Any CPU
		{656EE078-7D49-4A4C-AA9F-459E6F87129F}.Net45-Release|Win32.ActiveCfg = Release|Any CPU
		{656EE078-7D49-4A4C-AA9F-459E6F87129F}.Net45-Release|x64.ActiveCfg = Release|Any CPU
		{656EE078-7D49-4A4C-AA9F-459E6F87129F}.Net45-Release|x64.Build.0 = Release|Any CPU
		{656EE078-7D49-4A4C-AA9F-459E6F87129F}.Net45-Release|x64fg.ActiveCfg = Release|Any CPU
		{656EE078-7D49-4A4C-AA9F-459E6F87129F}.Release|Any CPU.ActiveCfg = Release|Any CPU
		{656EE078-7D49-4A4C-AA9F-459E6F87129F}.Release|Any CPU.Build.0 = Release|Any CPU
		{656EE078-7D49-4A4C-AA9F-459E6F87129F}.Release|Mixed Platforms.ActiveCfg = Release|Any CPU
		{656EE078-7D49-4A4C-AA9F-459E6F87129F}.Release|Mixed Platforms.Build.0 = Release|Any CPU
		{656EE078-7D49-4A4C-AA9F-459E6F87129F}.Release|Win32.ActiveCfg = Release|Any CPU
		{656EE078-7D49-4A4C-AA9F-459E6F87129F}.Release|x64.ActiveCfg = Release|Any CPU
		{656EE078-7D49-4A4C-AA9F-459E6F87129F}.Release|x64.Build.0 = Release|Any CPU
		{656EE078-7D49-4A4C-AA9F-459E6F87129F}.Release|x64fg.ActiveCfg = Release|Any CPU
		{1200FEE2-7908-4F97-B8F3-3F5DEF2627AA}.Debug|Any CPU.ActiveCfg = Debug|Any CPU
		{1200FEE2-7908-4F97-B8F3-3F5DEF2627AA}.Debug|Any CPU.Build.0 = Debug|Any CPU
		{1200FEE2-7908-4F97-B8F3-3F5DEF2627AA}.Debug|Mixed Platforms.ActiveCfg = Debug|Any CPU
		{1200FEE2-7908-4F97-B8F3-3F5DEF2627AA}.Debug|Mixed Platforms.Build.0 = Debug|Any CPU
		{1200FEE2-7908-4F97-B8F3-3F5DEF2627AA}.Debug|Win32.ActiveCfg = Debug|Any CPU
		{1200FEE2-7908-4F97-B8F3-3F5DEF2627AA}.Debug|x64.ActiveCfg = Debug|Any CPU
		{1200FEE2-7908-4F97-B8F3-3F5DEF2627AA}.Debug|x64.Build.0 = Debug|Any CPU
		{1200FEE2-7908-4F97-B8F3-3F5DEF2627AA}.Debug|x64fg.ActiveCfg = Debug|Any CPU
		{1200FEE2-7908-4F97-B8F3-3F5DEF2627AA}.Net20-Debug|Any CPU.ActiveCfg = Debug|Any CPU
		{1200FEE2-7908-4F97-B8F3-3F5DEF2627AA}.Net20-Debug|Any CPU.Build.0 = Debug|Any CPU
		{1200FEE2-7908-4F97-B8F3-3F5DEF2627AA}.Net20-Debug|Mixed Platforms.ActiveCfg = Debug|Any CPU
		{1200FEE2-7908-4F97-B8F3-3F5DEF2627AA}.Net20-Debug|Mixed Platforms.Build.0 = Debug|Any CPU
		{1200FEE2-7908-4F97-B8F3-3F5DEF2627AA}.Net20-Debug|Win32.ActiveCfg = Debug|Any CPU
		{1200FEE2-7908-4F97-B8F3-3F5DEF2627AA}.Net20-Debug|x64.ActiveCfg = Release|Any CPU
		{1200FEE2-7908-4F97-B8F3-3F5DEF2627AA}.Net20-Debug|x64.Build.0 = Release|Any CPU
		{1200FEE2-7908-4F97-B8F3-3F5DEF2627AA}.Net20-Debug|x64fg.ActiveCfg = Debug|Any CPU
		{1200FEE2-7908-4F97-B8F3-3F5DEF2627AA}.Net20-Release|Any CPU.ActiveCfg = Release|Any CPU
		{1200FEE2-7908-4F97-B8F3-3F5DEF2627AA}.Net20-Release|Any CPU.Build.0 = Release|Any CPU
		{1200FEE2-7908-4F97-B8F3-3F5DEF2627AA}.Net20-Release|Mixed Platforms.ActiveCfg = Release|Any CPU
		{1200FEE2-7908-4F97-B8F3-3F5DEF2627AA}.Net20-Release|Mixed Platforms.Build.0 = Release|Any CPU
		{1200FEE2-7908-4F97-B8F3-3F5DEF2627AA}.Net20-Release|Win32.ActiveCfg = Release|Any CPU
		{1200FEE2-7908-4F97-B8F3-3F5DEF2627AA}.Net20-Release|x64.ActiveCfg = Release|Any CPU
		{1200FEE2-7908-4F97-B8F3-3F5DEF2627AA}.Net20-Release|x64.Build.0 = Release|Any CPU
		{1200FEE2-7908-4F97-B8F3-3F5DEF2627AA}.Net20-Release|x64fg.ActiveCfg = Release|Any CPU
		{1200FEE2-7908-4F97-B8F3-3F5DEF2627AA}.Net45-Debug|Any CPU.ActiveCfg = Debug|Any CPU
		{1200FEE2-7908-4F97-B8F3-3F5DEF2627AA}.Net45-Debug|Any CPU.Build.0 = Debug|Any CPU
		{1200FEE2-7908-4F97-B8F3-3F5DEF2627AA}.Net45-Debug|Mixed Platforms.ActiveCfg = Debug|Any CPU
		{1200FEE2-7908-4F97-B8F3-3F5DEF2627AA}.Net45-Debug|Mixed Platforms.Build.0 = Debug|Any CPU
		{1200FEE2-7908-4F97-B8F3-3F5DEF2627AA}.Net45-Debug|Win32.ActiveCfg = Debug|Any CPU
		{1200FEE2-7908-4F97-B8F3-3F5DEF2627AA}.Net45-Debug|x64.ActiveCfg = Release|Any CPU
		{1200FEE2-7908-4F97-B8F3-3F5DEF2627AA}.Net45-Debug|x64.Build.0 = Release|Any CPU
		{1200FEE2-7908-4F97-B8F3-3F5DEF2627AA}.Net45-Debug|x64fg.ActiveCfg = Debug|Any CPU
		{1200FEE2-7908-4F97-B8F3-3F5DEF2627AA}.Net45-Release|Any CPU.ActiveCfg = Release|Any CPU
		{1200FEE2-7908-4F97-B8F3-3F5DEF2627AA}.Net45-Release|Any CPU.Build.0 = Release|Any CPU
		{1200FEE2-7908-4F97-B8F3-3F5DEF2627AA}.Net45-Release|Mixed Platforms.ActiveCfg = Release|Any CPU
		{1200FEE2-7908-4F97-B8F3-3F5DEF2627AA}.Net45-Release|Mixed Platforms.Build.0 = Release|Any CPU
		{1200FEE2-7908-4F97-B8F3-3F5DEF2627AA}.Net45-Release|Win32.ActiveCfg = Release|Any CPU
		{1200FEE2-7908-4F97-B8F3-3F5DEF2627AA}.Net45-Release|x64.ActiveCfg = Release|Any CPU
		{1200FEE2-7908-4F97-B8F3-3F5DEF2627AA}.Net45-Release|x64.Build.0 = Release|Any CPU
		{1200FEE2-7908-4F97-B8F3-3F5DEF2627AA}.Net45-Release|x64fg.ActiveCfg = Release|Any CPU
		{1200FEE2-7908-4F97-B8F3-3F5DEF2627AA}.Release|Any CPU.ActiveCfg = Release|Any CPU
		{1200FEE2-7908-4F97-B8F3-3F5DEF2627AA}.Release|Any CPU.Build.0 = Release|Any CPU
		{1200FEE2-7908-4F97-B8F3-3F5DEF2627AA}.Release|Mixed Platforms.ActiveCfg = Release|Any CPU
		{1200FEE2-7908-4F97-B8F3-3F5DEF2627AA}.Release|Mixed Platforms.Build.0 = Release|Any CPU
		{1200FEE2-7908-4F97-B8F3-3F5DEF2627AA}.Release|Win32.ActiveCfg = Release|Any CPU
		{1200FEE2-7908-4F97-B8F3-3F5DEF2627AA}.Release|x64.ActiveCfg = Release|Any CPU
		{1200FEE2-7908-4F97-B8F3-3F5DEF2627AA}.Release|x64.Build.0 = Release|Any CPU
		{1200FEE2-7908-4F97-B8F3-3F5DEF2627AA}.Release|x64fg.ActiveCfg = Release|Any CPU
		{E169D7DB-3EE4-4ADD-ADB7-513BB9F5B5EF}.Debug|Any CPU.ActiveCfg = Debug|Win32
		{E169D7DB-3EE4-4ADD-ADB7-513BB9F5B5EF}.Debug|Mixed Platforms.ActiveCfg = Debug|Win32
		{E169D7DB-3EE4-4ADD-ADB7-513BB9F5B5EF}.Debug|Mixed Platforms.Build.0 = Debug|Win32
		{E169D7DB-3EE4-4ADD-ADB7-513BB9F5B5EF}.Debug|Win32.ActiveCfg = Debug|Win32
		{E169D7DB-3EE4-4ADD-ADB7-513BB9F5B5EF}.Debug|Win32.Build.0 = Debug|Win32
		{E169D7DB-3EE4-4ADD-ADB7-513BB9F5B5EF}.Debug|x64.ActiveCfg = Debug|x64
		{E169D7DB-3EE4-4ADD-ADB7-513BB9F5B5EF}.Debug|x64.Build.0 = Debug|x64
		{E169D7DB-3EE4-4ADD-ADB7-513BB9F5B5EF}.Debug|x64fg.ActiveCfg = Debug|Win32
		{E169D7DB-3EE4-4ADD-ADB7-513BB9F5B5EF}.Net20-Debug|Any CPU.ActiveCfg = Debug|Win32
		{E169D7DB-3EE4-4ADD-ADB7-513BB9F5B5EF}.Net20-Debug|Mixed Platforms.ActiveCfg = Debug|Win32
		{E169D7DB-3EE4-4ADD-ADB7-513BB9F5B5EF}.Net20-Debug|Mixed Platforms.Build.0 = Debug|Win32
		{E169D7DB-3EE4-4ADD-ADB7-513BB9F5B5EF}.Net20-Debug|Win32.ActiveCfg = Debug|Win32
		{E169D7DB-3EE4-4ADD-ADB7-513BB9F5B5EF}.Net20-Debug|Win32.Build.0 = Debug|Win32
		{E169D7DB-3EE4-4ADD-ADB7-513BB9F5B5EF}.Net20-Debug|x64.ActiveCfg = Debug|x64
		{E169D7DB-3EE4-4ADD-ADB7-513BB9F5B5EF}.Net20-Debug|x64.Build.0 = Debug|x64
		{E169D7DB-3EE4-4ADD-ADB7-513BB9F5B5EF}.Net20-Debug|x64fg.ActiveCfg = Debug|Win32
		{E169D7DB-3EE4-4ADD-ADB7-513BB9F5B5EF}.Net20-Release|Any CPU.ActiveCfg = Release|Win32
		{E169D7DB-3EE4-4ADD-ADB7-513BB9F5B5EF}.Net20-Release|Mixed Platforms.ActiveCfg = Release|Win32
		{E169D7DB-3EE4-4ADD-ADB7-513BB9F5B5EF}.Net20-Release|Mixed Platforms.Build.0 = Release|Win32
		{E169D7DB-3EE4-4ADD-ADB7-513BB9F5B5EF}.Net20-Release|Win32.ActiveCfg = Release|Win32
		{E169D7DB-3EE4-4ADD-ADB7-513BB9F5B5EF}.Net20-Release|Win32.Build.0 = Release|Win32
		{E169D7DB-3EE4-4ADD-ADB7-513BB9F5B5EF}.Net20-Release|x64.ActiveCfg = Release|x64
		{E169D7DB-3EE4-4ADD-ADB7-513BB9F5B5EF}.Net20-Release|x64.Build.0 = Release|x64
		{E169D7DB-3EE4-4ADD-ADB7-513BB9F5B5EF}.Net20-Release|x64fg.ActiveCfg = Release|Win32
		{E169D7DB-3EE4-4ADD-ADB7-513BB9F5B5EF}.Net45-Debug|Any CPU.ActiveCfg = Debug|Win32
		{E169D7DB-3EE4-4ADD-ADB7-513BB9F5B5EF}.Net45-Debug|Mixed Platforms.ActiveCfg = Debug|Win32
		{E169D7DB-3EE4-4ADD-ADB7-513BB9F5B5EF}.Net45-Debug|Mixed Platforms.Build.0 = Debug|Win32
		{E169D7DB-3EE4-4ADD-ADB7-513BB9F5B5EF}.Net45-Debug|Win32.ActiveCfg = Debug|Win32
		{E169D7DB-3EE4-4ADD-ADB7-513BB9F5B5EF}.Net45-Debug|Win32.Build.0 = Debug|Win32
		{E169D7DB-3EE4-4ADD-ADB7-513BB9F5B5EF}.Net45-Debug|x64.ActiveCfg = Debug|x64
		{E169D7DB-3EE4-4ADD-ADB7-513BB9F5B5EF}.Net45-Debug|x64.Build.0 = Debug|x64
		{E169D7DB-3EE4-4ADD-ADB7-513BB9F5B5EF}.Net45-Debug|x64fg.ActiveCfg = Debug|Win32
		{E169D7DB-3EE4-4ADD-ADB7-513BB9F5B5EF}.Net45-Release|Any CPU.ActiveCfg = Release|Win32
		{E169D7DB-3EE4-4ADD-ADB7-513BB9F5B5EF}.Net45-Release|Mixed Platforms.ActiveCfg = Release|Win32
		{E169D7DB-3EE4-4ADD-ADB7-513BB9F5B5EF}.Net45-Release|Mixed Platforms.Build.0 = Release|Win32
		{E169D7DB-3EE4-4ADD-ADB7-513BB9F5B5EF}.Net45-Release|Win32.ActiveCfg = Release|Win32
		{E169D7DB-3EE4-4ADD-ADB7-513BB9F5B5EF}.Net45-Release|Win32.Build.0 = Release|Win32
		{E169D7DB-3EE4-4ADD-ADB7-513BB9F5B5EF}.Net45-Release|x64.ActiveCfg = Release|x64
		{E169D7DB-3EE4-4ADD-ADB7-513BB9F5B5EF}.Net45-Release|x64.Build.0 = Release|x64
		{E169D7DB-3EE4-4ADD-ADB7-513BB9F5B5EF}.Net45-Release|x64fg.ActiveCfg = Release|Win32
		{E169D7DB-3EE4-4ADD-ADB7-513BB9F5B5EF}.Release|Any CPU.ActiveCfg = Release|Win32
		{E169D7DB-3EE4-4ADD-ADB7-513BB9F5B5EF}.Release|Mixed Platforms.ActiveCfg = Release|Win32
		{E169D7DB-3EE4-4ADD-ADB7-513BB9F5B5EF}.Release|Mixed Platforms.Build.0 = Release|Win32
		{E169D7DB-3EE4-4ADD-ADB7-513BB9F5B5EF}.Release|Win32.ActiveCfg = Release|Win32
		{E169D7DB-3EE4-4ADD-ADB7-513BB9F5B5EF}.Release|Win32.Build.0 = Release|Win32
		{E169D7DB-3EE4-4ADD-ADB7-513BB9F5B5EF}.Release|x64.ActiveCfg = Release|x64
		{E169D7DB-3EE4-4ADD-ADB7-513BB9F5B5EF}.Release|x64.Build.0 = Release|x64
		{E169D7DB-3EE4-4ADD-ADB7-513BB9F5B5EF}.Release|x64fg.ActiveCfg = Release|Win32
		{A8E42972-0BC3-4F26-99DF-87B6379E875F}.Debug|Any CPU.ActiveCfg = Debug|Any CPU
		{A8E42972-0BC3-4F26-99DF-87B6379E875F}.Debug|Any CPU.Build.0 = Debug|Any CPU
		{A8E42972-0BC3-4F26-99DF-87B6379E875F}.Debug|Mixed Platforms.ActiveCfg = Debug|Any CPU
		{A8E42972-0BC3-4F26-99DF-87B6379E875F}.Debug|Mixed Platforms.Build.0 = Debug|Any CPU
		{A8E42972-0BC3-4F26-99DF-87B6379E875F}.Debug|Win32.ActiveCfg = Debug|Any CPU
		{A8E42972-0BC3-4F26-99DF-87B6379E875F}.Debug|x64.ActiveCfg = Debug|Any CPU
		{A8E42972-0BC3-4F26-99DF-87B6379E875F}.Debug|x64.Build.0 = Debug|Any CPU
		{A8E42972-0BC3-4F26-99DF-87B6379E875F}.Debug|x64fg.ActiveCfg = Debug|Any CPU
		{A8E42972-0BC3-4F26-99DF-87B6379E875F}.Net20-Debug|Any CPU.ActiveCfg = Debug|Any CPU
		{A8E42972-0BC3-4F26-99DF-87B6379E875F}.Net20-Debug|Any CPU.Build.0 = Debug|Any CPU
		{A8E42972-0BC3-4F26-99DF-87B6379E875F}.Net20-Debug|Mixed Platforms.ActiveCfg = Debug|Any CPU
		{A8E42972-0BC3-4F26-99DF-87B6379E875F}.Net20-Debug|Mixed Platforms.Build.0 = Debug|Any CPU
		{A8E42972-0BC3-4F26-99DF-87B6379E875F}.Net20-Debug|Win32.ActiveCfg = Debug|Any CPU
		{A8E42972-0BC3-4F26-99DF-87B6379E875F}.Net20-Debug|x64.ActiveCfg = Debug|Any CPU
		{A8E42972-0BC3-4F26-99DF-87B6379E875F}.Net20-Debug|x64fg.ActiveCfg = Debug|Any CPU
		{A8E42972-0BC3-4F26-99DF-87B6379E875F}.Net20-Release|Any CPU.ActiveCfg = Release|Any CPU
		{A8E42972-0BC3-4F26-99DF-87B6379E875F}.Net20-Release|Any CPU.Build.0 = Release|Any CPU
		{A8E42972-0BC3-4F26-99DF-87B6379E875F}.Net20-Release|Mixed Platforms.ActiveCfg = Release|Any CPU
		{A8E42972-0BC3-4F26-99DF-87B6379E875F}.Net20-Release|Mixed Platforms.Build.0 = Release|Any CPU
		{A8E42972-0BC3-4F26-99DF-87B6379E875F}.Net20-Release|Win32.ActiveCfg = Release|Any CPU
		{A8E42972-0BC3-4F26-99DF-87B6379E875F}.Net20-Release|x64.ActiveCfg = Release|Any CPU
		{A8E42972-0BC3-4F26-99DF-87B6379E875F}.Net20-Release|x64fg.ActiveCfg = Release|Any CPU
		{A8E42972-0BC3-4F26-99DF-87B6379E875F}.Net45-Debug|Any CPU.ActiveCfg = Debug|Any CPU
		{A8E42972-0BC3-4F26-99DF-87B6379E875F}.Net45-Debug|Any CPU.Build.0 = Debug|Any CPU
		{A8E42972-0BC3-4F26-99DF-87B6379E875F}.Net45-Debug|Mixed Platforms.ActiveCfg = Debug|Any CPU
		{A8E42972-0BC3-4F26-99DF-87B6379E875F}.Net45-Debug|Mixed Platforms.Build.0 = Debug|Any CPU
		{A8E42972-0BC3-4F26-99DF-87B6379E875F}.Net45-Debug|Win32.ActiveCfg = Debug|Any CPU
		{A8E42972-0BC3-4F26-99DF-87B6379E875F}.Net45-Debug|x64.ActiveCfg = Debug|Any CPU
		{A8E42972-0BC3-4F26-99DF-87B6379E875F}.Net45-Debug|x64fg.ActiveCfg = Debug|Any CPU
		{A8E42972-0BC3-4F26-99DF-87B6379E875F}.Net45-Release|Any CPU.ActiveCfg = Release|Any CPU
		{A8E42972-0BC3-4F26-99DF-87B6379E875F}.Net45-Release|Any CPU.Build.0 = Release|Any CPU
		{A8E42972-0BC3-4F26-99DF-87B6379E875F}.Net45-Release|Mixed Platforms.ActiveCfg = Release|Any CPU
		{A8E42972-0BC3-4F26-99DF-87B6379E875F}.Net45-Release|Mixed Platforms.Build.0 = Release|Any CPU
		{A8E42972-0BC3-4F26-99DF-87B6379E875F}.Net45-Release|Win32.ActiveCfg = Release|Any CPU
		{A8E42972-0BC3-4F26-99DF-87B6379E875F}.Net45-Release|x64.ActiveCfg = Release|Any CPU
		{A8E42972-0BC3-4F26-99DF-87B6379E875F}.Net45-Release|x64fg.ActiveCfg = Release|Any CPU
		{A8E42972-0BC3-4F26-99DF-87B6379E875F}.Release|Any CPU.ActiveCfg = Release|Any CPU
		{A8E42972-0BC3-4F26-99DF-87B6379E875F}.Release|Any CPU.Build.0 = Release|Any CPU
		{A8E42972-0BC3-4F26-99DF-87B6379E875F}.Release|Mixed Platforms.ActiveCfg = Release|Any CPU
		{A8E42972-0BC3-4F26-99DF-87B6379E875F}.Release|Mixed Platforms.Build.0 = Release|Any CPU
		{A8E42972-0BC3-4F26-99DF-87B6379E875F}.Release|Win32.ActiveCfg = Release|Any CPU
		{A8E42972-0BC3-4F26-99DF-87B6379E875F}.Release|x64.ActiveCfg = Release|Any CPU
		{A8E42972-0BC3-4F26-99DF-87B6379E875F}.Release|x64fg.ActiveCfg = Release|Any CPU
	EndGlobalSection
	GlobalSection(SolutionProperties) = preSolution
		HideSolutionNode = FALSE
	EndGlobalSection
EndGlobal
